
Microsoft Visual Studio Solution File, Format Version 12.00
# Visual Studio Version 17
VisualStudioVersion = 17.4.33213.308
MinimumVisualStudioVersion = 10.0.40219.1
Project("{FAE04EC0-301F-11D3-BF4B-00C04F79EFBC}") = "WinFormsApp2", "WinFormsApp2\WinFormsApp2.csproj", "{C89937CD-8E2F-4097-B1F9-03D9F27A7ECB}"
EndProject
Global
	GlobalSection(SolutionConfigurationPlatforms) = preSolution
		Debug|Any CPU = Debug|Any CPU
		Release|Any CPU = Release|Any CPU
	EndGlobalSection
	GlobalSection(ProjectConfigurationPlatforms) = postSolution
		{C89937CD-8E2F-4097-B1F9-03D9F27A7ECB}.Debug|Any CPU.ActiveCfg = Debug|Any CPU
		{C89937CD-8E2F-4097-B1F9-03D9F27A7ECB}.Debug|Any CPU.Build.0 = Debug|Any CPU
		{C89937CD-8E2F-4097-B1F9-03D9F27A7ECB}.Release|Any CPU.ActiveCfg = Release|Any CPU
		{C89937CD-8E2F-4097-B1F9-03D9F27A7ECB}.Release|Any CPU.Build.0 = Release|Any CPU
	EndGlobalSection
	GlobalSection(SolutionProperties) = preSolution
		HideSolutionNode = FALSE
	EndGlobalSection
	GlobalSection(ExtensibilityGlobals) = postSolution
		SolutionGuid = {78CBD857-D4F4-49EA-B480-D07E0246FD03}
	EndGlobalSection
EndGlobal
